
Microsoft Visual Studio Solution File, Format Version 12.00
# Visual Studio Version 16
VisualStudioVersion = 16.0.32126.315
MinimumVisualStudioVersion = 10.0.40219.1
Project("{9A19103F-16F7-4668-BE54-9A1E7A4F7556}") = "FileHandlingDemo", "FileHandlingDemo\FileHandlingDemo.csproj", "{4E60A959-420E-42DD-86AF-C3C343CB693D}"
EndProject
Project("{FAE04EC0-301F-11D3-BF4B-00C04F79EFBC}") = "MultiThreadingDemo", "MultiThreadingDemo\MultiThreadingDemo.csproj", "{7F00C14F-BE8C-46C8-8F23-A2BB5B3293D5}"
EndProject
Project("{FAE04EC0-301F-11D3-BF4B-00C04F79EFBC}") = "ThreadSimple", "ThreadSimple\ThreadSimple.csproj", "{7CA7A0FC-BB4E-4F44-9527-533BD0596CB4}"
EndProject
Global
	GlobalSection(SolutionConfigurationPlatforms) = preSolution
		Debug|Any CPU = Debug|Any CPU
		Release|Any CPU = Release|Any CPU
	EndGlobalSection
	GlobalSection(ProjectConfigurationPlatforms) = postSolution
		{4E60A959-420E-42DD-86AF-C3C343CB693D}.Debug|Any CPU.ActiveCfg = Debug|Any CPU
		{4E60A959-420E-42DD-86AF-C3C343CB693D}.Debug|Any CPU.Build.0 = Debug|Any CPU
		{4E60A959-420E-42DD-86AF-C3C343CB693D}.Release|Any CPU.ActiveCfg = Release|Any CPU
		{4E60A959-420E-42DD-86AF-C3C343CB693D}.Release|Any CPU.Build.0 = Release|Any CPU
		{7F00C14F-BE8C-46C8-8F23-A2BB5B3293D5}.Debug|Any CPU.ActiveCfg = Debug|Any CPU
		{7F00C14F-BE8C-46C8-8F23-A2BB5B3293D5}.Debug|Any CPU.Build.0 = Debug|Any CPU
		{7F00C14F-BE8C-46C8-8F23-A2BB5B3293D5}.Release|Any CPU.ActiveCfg = Release|Any CPU
		{7F00C14F-BE8C-46C8-8F23-A2BB5B3293D5}.Release|Any CPU.Build.0 = Release|Any CPU
		{7CA7A0FC-BB4E-4F44-9527-533BD0596CB4}.Debug|Any CPU.ActiveCfg = Debug|Any CPU
		{7CA7A0FC-BB4E-4F44-9527-533BD0596CB4}.Debug|Any CPU.Build.0 = Debug|Any CPU
		{7CA7A0FC-BB4E-4F44-9527-533BD0596CB4}.Release|Any CPU.ActiveCfg = Release|Any CPU
		{7CA7A0FC-BB4E-4F44-9527-533BD0596CB4}.Release|Any CPU.Build.0 = Release|Any CPU
	EndGlobalSection
	GlobalSection(SolutionProperties) = preSolution
		HideSolutionNode = FALSE
	EndGlobalSection
	GlobalSection(ExtensibilityGlobals) = postSolution
		SolutionGuid = {7CAF9282-472C-48AE-8824-3FED665CF0F0}
	EndGlobalSection
EndGlobal
